{
  "name": "@hydro-protocol/swap-sdk",
  "version": "1.0.0",
  "lockfileVersion": 1,
  "requires": true,
  "dependencies": {
    "@types/bn.js": {
      "version": "4.11.1",
      "resolved": "https://registry.npmjs.org/@types/bn.js/-/bn.js-4.11.1.tgz",
      "integrity": "sha512-ialVHUVjhSH/96vKDd20XGokJ9ktVdeBrDY5w7hpHva/2ZiB3ZhZ4VZQOmSYe/vpZEkDy+ydtr9hMckxw+/MMw==",
      "dev": true,
      "requires": {
        "@types/node": "*"
      }
    },
    "@types/node": {
      "version": "9.6.30",
      "resolved": "https://registry.npmjs.org/@types/node/-/node-9.6.30.tgz",
      "integrity": "sha512-mFkVM9yFexPPKm0sidVyEzM8F0O06W3vZ8QnjHYa3AB1uvtPOayGKLrXlXIKOdJ7LOE+zilhxYbGPy/34QTgrw==",
      "dev": true
    },
    "@types/underscore": {
      "version": "1.8.9",
      "resolved": "https://registry.npmjs.org/@types/underscore/-/underscore-1.8.9.tgz",
      "integrity": "sha512-vfzZGgZKRFy7KEWcBGfIFk+h6B+thDCLfkD1exMBMRlUsx2icA+J6y4kAbZs/TjSTeY1duw89QUU133TSzr60Q==",
      "dev": true
    },
    "@types/web3": {
      "version": "1.0.3",
      "resolved": "https://registry.npmjs.org/@types/web3/-/web3-1.0.3.tgz",
      "integrity": "sha512-9ZgAnIOLaX5/5tX4RGEuLSVAyLC7+YqqrI283k9cXYRel67xqJ5M0WaL46MJkOwtWxeDjG42DPOg6pyo8T63LQ==",
      "dev": true,
      "requires": {
        "@types/bn.js": "*",
        "@types/underscore": "*"
      }
    },
    "penpal": {
      "version": "3.0.3",
      "resolved": "https://registry.npmjs.org/penpal/-/penpal-3.0.3.tgz",
      "integrity": "sha512-HoYKoVrrUM6FU8ECLjB8zJlQFY7K1P12mBdHyiDX5yF2daFhqB+dm8Ahy1C2qiO+nquscVM2h9OPz8FvRm/vwQ=="
    },
    "typescript": {
      "version": "2.9.2",
      "resolved": "https://registry.npmjs.org/typescript/-/typescript-2.9.2.tgz",
      "integrity": "sha512-Gr4p6nFNaoufRIY4NMdpQRNmgxVIGMs4Fcu/ujdYk3nAZqk7supzBE9idmvfZIlH/Cuj//dvi+019qEue9lV0w==",
      "dev": true
    }
  }
}
