{
  "name": "@hydro-protocol/swap-sdk",
  "version": "1.0.0",
  "lockfileVersion": 1,
  "requires": true,
  "dependencies": {
    "@types/node": {
      "version": "9.6.30",
      "resolved": "https://registry.npmjs.org/@types/node/-/node-9.6.30.tgz",
      "integrity": "sha512-mFkVM9yFexPPKm0sidVyEzM8F0O06W3vZ8QnjHYa3AB1uvtPOayGKLrXlXIKOdJ7LOE+zilhxYbGPy/34QTgrw==",
      "dev": true
    },
    "penpal": {
      "version": "3.0.3",
      "resolved": "https://registry.npmjs.org/penpal/-/penpal-3.0.3.tgz",
      "integrity": "sha512-HoYKoVrrUM6FU8ECLjB8zJlQFY7K1P12mBdHyiDX5yF2daFhqB+dm8Ahy1C2qiO+nquscVM2h9OPz8FvRm/vwQ=="
    },
    "typescript": {
      "version": "2.9.2",
      "resolved": "https://registry.npmjs.org/typescript/-/typescript-2.9.2.tgz",
      "integrity": "sha512-Gr4p6nFNaoufRIY4NMdpQRNmgxVIGMs4Fcu/ujdYk3nAZqk7supzBE9idmvfZIlH/Cuj//dvi+019qEue9lV0w==",
      "dev": true
    }
  }
}
